
Microsoft Visual Studio Solution File, Format Version 12.00
# Visual Studio Version 17
VisualStudioVersion = 17.9.34723.18
MinimumVisualStudioVersion = 10.0.40219.1
Project("{9A19103F-16F7-4668-BE54-9A1E7A4F7556}") = "DesignPattern", "DesignPattern.csproj", "{D92C2EA5-A179-4EC3-9163-4834ABA41D97}"
EndProject
Project("{FAE04EC0-301F-11D3-BF4B-00C04F79EFBC}") = "SingleFactoryPattern", "..\SingleFactoryPattern\SingleFactoryPattern.csproj", "{FBE16015-FA01-4BE5-BE42-77F2E8DD87DD}"
EndProject
Project("{FAE04EC0-301F-11D3-BF4B-00C04F79EFBC}") = "NvwaCreatePerson", "..\NvwaCreatePerson\NvwaCreatePerson.csproj", "{D231C765-3500-4843-BF26-E72D5CA81DB3}"
EndProject
Project("{FAE04EC0-301F-11D3-BF4B-00C04F79EFBC}") = "FactoryPattern", "..\FactoryPattern\FactoryPattern.csproj", "{48632690-95C4-4338-A168-05D13FF6C00B}"
EndProject
Global
	GlobalSection(SolutionConfigurationPlatforms) = preSolution
		Debug|Any CPU = Debug|Any CPU
		Release|Any CPU = Release|Any CPU
	EndGlobalSection
	GlobalSection(ProjectConfigurationPlatforms) = postSolution
		{D92C2EA5-A179-4EC3-9163-4834ABA41D97}.Debug|Any CPU.ActiveCfg = Debug|Any CPU
		{D92C2EA5-A179-4EC3-9163-4834ABA41D97}.Debug|Any CPU.Build.0 = Debug|Any CPU
		{D92C2EA5-A179-4EC3-9163-4834ABA41D97}.Release|Any CPU.ActiveCfg = Release|Any CPU
		{D92C2EA5-A179-4EC3-9163-4834ABA41D97}.Release|Any CPU.Build.0 = Release|Any CPU
		{FBE16015-FA01-4BE5-BE42-77F2E8DD87DD}.Debug|Any CPU.ActiveCfg = Debug|Any CPU
		{FBE16015-FA01-4BE5-BE42-77F2E8DD87DD}.Debug|Any CPU.Build.0 = Debug|Any CPU
		{FBE16015-FA01-4BE5-BE42-77F2E8DD87DD}.Release|Any CPU.ActiveCfg = Release|Any CPU
		{FBE16015-FA01-4BE5-BE42-77F2E8DD87DD}.Release|Any CPU.Build.0 = Release|Any CPU
		{D231C765-3500-4843-BF26-E72D5CA81DB3}.Debug|Any CPU.ActiveCfg = Debug|Any CPU
		{D231C765-3500-4843-BF26-E72D5CA81DB3}.Debug|Any CPU.Build.0 = Debug|Any CPU
		{D231C765-3500-4843-BF26-E72D5CA81DB3}.Release|Any CPU.ActiveCfg = Release|Any CPU
		{D231C765-3500-4843-BF26-E72D5CA81DB3}.Release|Any CPU.Build.0 = Release|Any CPU
		{48632690-95C4-4338-A168-05D13FF6C00B}.Debug|Any CPU.ActiveCfg = Debug|Any CPU
		{48632690-95C4-4338-A168-05D13FF6C00B}.Debug|Any CPU.Build.0 = Debug|Any CPU
		{48632690-95C4-4338-A168-05D13FF6C00B}.Release|Any CPU.ActiveCfg = Release|Any CPU
		{48632690-95C4-4338-A168-05D13FF6C00B}.Release|Any CPU.Build.0 = Release|Any CPU
	EndGlobalSection
	GlobalSection(SolutionProperties) = preSolution
		HideSolutionNode = FALSE
	EndGlobalSection
	GlobalSection(ExtensibilityGlobals) = postSolution
		SolutionGuid = {CBABBBD9-B1CF-4BD5-8C65-9685F3D06835}
	EndGlobalSection
EndGlobal
